
Microsoft Visual Studio Solution File, Format Version 12.00
# Visual Studio 15
VisualStudioVersion = 15.0.27130.2024
MinimumVisualStudioVersion = 10.0.40219.1
Project("{9A19103F-16F7-4668-BE54-9A1E7A4F7556}") = "FFL.Data", "src\FFL.Data\FFL.Data.csproj", "{1F3F3C9B-E685-49D2-87F4-248FADC4A420}"
EndProject
Project("{9A19103F-16F7-4668-BE54-9A1E7A4F7556}") = "Web.Empty", "src\Web.Empty\Web.Empty.csproj", "{F2B414D8-6634-4471-9E4A-2A5240AD2916}"
EndProject
Project("{9A19103F-16F7-4668-BE54-9A1E7A4F7556}") = "FFL.Data.Tests.Integration", "src\FFL.Data.Tests.Integration\FFL.Data.Tests.Integration.csproj", "{2013A7AF-CFCE-457B-AFD3-04E4F6DDB839}"
EndProject
Project("{9A19103F-16F7-4668-BE54-9A1E7A4F7556}") = "FFL.Data.Tests.Unit", "src\FFL.Data.Tests.Unit\FFL.Data.Tests.Unit.csproj", "{512D5F0F-DC34-4201-87B1-76067594CA10}"
EndProject
Project("{9A19103F-16F7-4668-BE54-9A1E7A4F7556}") = "FFL.UI.Web.Angular", "src\FFL.UI.Web.Angular\FFL.UI.Web.Angular.csproj", "{4C87CA46-3F06-413A-A146-65E0B389FE78}"
EndProject
Project("{9A19103F-16F7-4668-BE54-9A1E7A4F7556}") = "FFL.UI.Web.Mvc", "src\FFL.UI.Web.Mvc\FFL.UI.Web.Mvc.csproj", "{955E24F3-F6ED-4E5A-84EE-78CE19A1A30C}"
EndProject
Project("{9A19103F-16F7-4668-BE54-9A1E7A4F7556}") = "FFL.UI.Web.Mvc.Tests", "src\FFL.UI.Web.Mvc.Tests\FFL.UI.Web.Mvc.Tests.csproj", "{48C96798-D90B-451C-9805-29CADDD0ABFC}"
EndProject
Project("{2150E333-8FDC-42A3-9474-1A3956D46DE8}") = "Tests", "Tests", "{59EB4F07-AFDE-45DA-8C30-ACA4A9F0F1AD}"
EndProject
Global
	GlobalSection(SolutionConfigurationPlatforms) = preSolution
		Debug|Any CPU = Debug|Any CPU
		Release|Any CPU = Release|Any CPU
	EndGlobalSection
	GlobalSection(ProjectConfigurationPlatforms) = postSolution
		{1F3F3C9B-E685-49D2-87F4-248FADC4A420}.Debug|Any CPU.ActiveCfg = Debug|Any CPU
		{1F3F3C9B-E685-49D2-87F4-248FADC4A420}.Debug|Any CPU.Build.0 = Debug|Any CPU
		{1F3F3C9B-E685-49D2-87F4-248FADC4A420}.Release|Any CPU.ActiveCfg = Release|Any CPU
		{1F3F3C9B-E685-49D2-87F4-248FADC4A420}.Release|Any CPU.Build.0 = Release|Any CPU
		{F2B414D8-6634-4471-9E4A-2A5240AD2916}.Debug|Any CPU.ActiveCfg = Debug|Any CPU
		{F2B414D8-6634-4471-9E4A-2A5240AD2916}.Debug|Any CPU.Build.0 = Debug|Any CPU
		{F2B414D8-6634-4471-9E4A-2A5240AD2916}.Release|Any CPU.ActiveCfg = Release|Any CPU
		{F2B414D8-6634-4471-9E4A-2A5240AD2916}.Release|Any CPU.Build.0 = Release|Any CPU
		{2013A7AF-CFCE-457B-AFD3-04E4F6DDB839}.Debug|Any CPU.ActiveCfg = Debug|Any CPU
		{2013A7AF-CFCE-457B-AFD3-04E4F6DDB839}.Debug|Any CPU.Build.0 = Debug|Any CPU
		{2013A7AF-CFCE-457B-AFD3-04E4F6DDB839}.Release|Any CPU.ActiveCfg = Release|Any CPU
		{2013A7AF-CFCE-457B-AFD3-04E4F6DDB839}.Release|Any CPU.Build.0 = Release|Any CPU
		{512D5F0F-DC34-4201-87B1-76067594CA10}.Debug|Any CPU.ActiveCfg = Debug|Any CPU
		{512D5F0F-DC34-4201-87B1-76067594CA10}.Debug|Any CPU.Build.0 = Debug|Any CPU
		{512D5F0F-DC34-4201-87B1-76067594CA10}.Release|Any CPU.ActiveCfg = Release|Any CPU
		{512D5F0F-DC34-4201-87B1-76067594CA10}.Release|Any CPU.Build.0 = Release|Any CPU
		{4C87CA46-3F06-413A-A146-65E0B389FE78}.Debug|Any CPU.ActiveCfg = Debug|Any CPU
		{4C87CA46-3F06-413A-A146-65E0B389FE78}.Release|Any CPU.ActiveCfg = Release|Any CPU
		{4C87CA46-3F06-413A-A146-65E0B389FE78}.Release|Any CPU.Build.0 = Release|Any CPU
		{955E24F3-F6ED-4E5A-84EE-78CE19A1A30C}.Debug|Any CPU.ActiveCfg = Debug|Any CPU
		{955E24F3-F6ED-4E5A-84EE-78CE19A1A30C}.Debug|Any CPU.Build.0 = Debug|Any CPU
		{955E24F3-F6ED-4E5A-84EE-78CE19A1A30C}.Release|Any CPU.ActiveCfg = Release|Any CPU
		{955E24F3-F6ED-4E5A-84EE-78CE19A1A30C}.Release|Any CPU.Build.0 = Release|Any CPU
		{48C96798-D90B-451C-9805-29CADDD0ABFC}.Debug|Any CPU.ActiveCfg = Debug|Any CPU
		{48C96798-D90B-451C-9805-29CADDD0ABFC}.Debug|Any CPU.Build.0 = Debug|Any CPU
		{48C96798-D90B-451C-9805-29CADDD0ABFC}.Release|Any CPU.ActiveCfg = Release|Any CPU
		{48C96798-D90B-451C-9805-29CADDD0ABFC}.Release|Any CPU.Build.0 = Release|Any CPU
	EndGlobalSection
	GlobalSection(SolutionProperties) = preSolution
		HideSolutionNode = FALSE
	EndGlobalSection
	GlobalSection(NestedProjects) = preSolution
		{2013A7AF-CFCE-457B-AFD3-04E4F6DDB839} = {59EB4F07-AFDE-45DA-8C30-ACA4A9F0F1AD}
		{512D5F0F-DC34-4201-87B1-76067594CA10} = {59EB4F07-AFDE-45DA-8C30-ACA4A9F0F1AD}
		{48C96798-D90B-451C-9805-29CADDD0ABFC} = {59EB4F07-AFDE-45DA-8C30-ACA4A9F0F1AD}
	EndGlobalSection
	GlobalSection(ExtensibilityGlobals) = postSolution
		SolutionGuid = {4D7ADB1C-F086-4EC5-9037-E4370811459B}
	EndGlobalSection
EndGlobal
